
Microsoft Visual Studio Solution File, Format Version 12.00
# Visual Studio Version 16
VisualStudioVersion = 16.0.30717.126
MinimumVisualStudioVersion = 10.0.40219.1
Project("{F184B08F-C81C-45F6-A57F-5ABD9991F28F}") = "WinFormsApp1", "WinFormsApp1\WinFormsApp1.vbproj", "{132ABFE3-792E-4846-9820-2AD90A070C41}"
EndProject
Global
	GlobalSection(SolutionConfigurationPlatforms) = preSolution
		Debug|Any CPU = Debug|Any CPU
		Release|Any CPU = Release|Any CPU
	EndGlobalSection
	GlobalSection(ProjectConfigurationPlatforms) = postSolution
		{132ABFE3-792E-4846-9820-2AD90A070C41}.Debug|Any CPU.ActiveCfg = Debug|Any CPU
		{132ABFE3-792E-4846-9820-2AD90A070C41}.Debug|Any CPU.Build.0 = Debug|Any CPU
		{132ABFE3-792E-4846-9820-2AD90A070C41}.Release|Any CPU.ActiveCfg = Release|Any CPU
		{132ABFE3-792E-4846-9820-2AD90A070C41}.Release|Any CPU.Build.0 = Release|Any CPU
	EndGlobalSection
	GlobalSection(SolutionProperties) = preSolution
		HideSolutionNode = FALSE
	EndGlobalSection
	GlobalSection(ExtensibilityGlobals) = postSolution
		SolutionGuid = {77746246-4027-4039-AF41-AC990D08FB31}
	EndGlobalSection
EndGlobal
